context:
  value:
    alignment: full
    caption: Some caption
    attribution: Some attribution

tags:
  image:
    value.image max-1280x860 format-webp as aligned_image:
      target_var: aligned_image
      raw:
        url: '//placekitten.com/1280/860'
        alt: Some alt
        height: 860
        width: 1280
