context:
  value:
    static_text: We help charities and nonprofits
    dynamic_text:
      - 'increase supporter acquisition and retention.'
      - 'deliver life-changing digital services.'
      - 'scale social impact through technology.'
      - 'transform lives through digital innovation.'
      - 'future-proof your funding streams.'
