context:
  value:
    title: What we do
    intro: This is an optional field. Lorem ipsum dolor sit amet, consectetur adipiscing elit, sed do eiusmod tempor incididunt ut labore et dolore magna aliqua.
    cards:
      - heading: Advocacy, Engagement & Income
        description: '<p>Grow your audience, mobilise and increase your income through design, communication and strategy</p>'
        link_text: Our services
        accessible_link_text: Our Advocacy, Engagement & Income services
      - heading: Measure, Analyse & Optimise
        description: '<p>Organise your data to gain the insights and confidence needed to boost your charity&apos;s performance.</p>'
        link_text: Our services
        accessible_link_text: Our Measure, Analyse & Optimise services
      - heading: Scale impact through Technology
        description: '<p>We design technology that&apos;s built for humans. Scale your impact and better deliver your services by leveraging our expertise.</p>'
        link_text: Our services
        accessible_link_text: Our services on scaling impact through Technology

tags:
  srcset_image:
    'card.image format-webp fill-{540x280,490x280} sizes="(max-width: 598px) 540px, (min-width: 599px) 490px" alt=""':
      raw: |
        <img alt="" height="280" sizes="(max-width: 598px) 540px, (min-width: 599px) 490px" src="https://picsum.photos/540/280.webp" srcset="https://picsum.photos/540/280.webp 540w, https://picsum.photos/490/280.webp 490w" width="540">
