context:
  value:
    caption: Lorem ipsum dolor sit amet, consectetur adipiscing elit, sed do eiusmod tempor incididunt ut labore et dolore magna aliqua. Ut enim ad minim veniam, quis nostrud exercitation ullamco laboris nisi ut aliquip ex ea commodo consequat.
    images:
      - image:
      - image:
      - image:
      - image:

tags:
  srcset_image:
    item.image format-webp loading="lazy" fill-{500x500} alt=item.image.alt_text:
      raw: |
        <img alt="" width="500" height="500" loading="lazy" sizes="500px" src="https://picsum.photos/500/500.webp" srcset="https://picsum.photos/500/500.webp 500w">
