context:
  value:
    alt_text: Lorem ipsum dolor sit amet, consectetur adipiscing elit.
    image_is_decorative: False
    caption: Effortlessly blending innovation with functionality - the future of sustainable design.
    attribution: Jeth Ordeniza, Torchbox

tags:
  srcset_image:
    'value.image format-webp saturation-0.6 width-{400,900,1800} sizes="(max-width: 1022px) 90vw, (max-width: 1879px) 50vw, (min-width: 1880px) 910px" loading="lazy" alt=value.alt_text':
      raw: '<img alt="Screenshot of workshop to establish tone" height="225" loading="lazy" sizes="(max-width: 1022px) 90vw, (max-width: 1879px) 50vw, (min-width: 1880px) 910px" src="https://source.unsplash.com/400x225?trees" srcset="https://source.unsplash.com/400x225?trees 400w, https://source.unsplash.com/900x506?trees 900w, https://source.unsplash.com/1600x900?trees 900w, https://source.unsplash.com/1800x1013?trees 1600w" width="400">'
