context:
  value:
    alt_text: Lorem ipsum dolor sit amet, consectetur adipiscing elit.
    image_is_decorative: False
    caption: Effortlessly blending innovation with functionality - the future of sustainable design.
    attribution: Jeth Ordeniza, Torchbox

tags:
  srcset_image:
    'value.image format-webp width-{400,900,1800} sizes="(max-width: 1022px) 90vw, (max-width: 1879px) 50vw, (min-width: 1880px) 910px" loading="lazy" alt=value.alt_text':
      raw: '<img alt="Screenshot of workshop to establish tone" height="225" loading="lazy" sizes="(max-width: 1022px) 90vw, (max-width: 1879px) 50vw, (min-width: 1880px) 910px" src="https://picsum.photos/400/225.webp" srcset="https://picsum.photos/400/225.webp 400w, https://picsum.photos/900/506.webp 900w, https://picsum.photos/1600/900.webp 900w, https://picsum.photos/1800/1013.webp 1600w" width="400">'
