context:
  value:
    alt_text: Lorem ipsum dolor sit amet, consectetur adipiscing elit.
    image_is_decorative: false
    caption: Effortlessly blending innovation with functionality - the future of sustainable design.
    attribution: Jeth Ordeniza, Torchbox

tags:
  image:
    value.image max-1280x860 format-webp as desktop_image:
      target_var: desktop_image
      raw:
        url: 'https://source.unsplash.com/1280x860/?trees'
        alt: Some alt
        height: 860
        width: 1280
