context:
  value:
    introduction: '<p><a href="#">Wagtail</a> is the leading open-source Python/Django CMS, designed to empower teams to do their best work.</p>'
    description: '<p>As its creators, we know Wagtail inside out and our specialist services can help you get the most out of it.</p>'
    images:
      - image:
      - image:

tags:
  srcset_image:
   