context:
  value:
    introduction: '<p><a href="#">Wagtail</a> is the leading open-source Python/Django CMS, designed to empower teams to do their best work.</p>'
    description: '<p>As its creators, we know Wagtail inside out and our specialist services can help you get the most out of it.</p>'
    images:
      - image:
      - image:

tags:
  srcset_image:
    'item.image format-webp loading="lazy" fill-{200x300,400x600,600x900} sizes="(max-width: 598px) 150px, (max-width: 799px) 300px, 700px" class="intro-with-images__image" alt=item.image_alt_text':
      raw: '<img alt="alt" class="intro-with-images__image" height="225" sizes="(max-width: 598px) 150px, (max-width: 799px) 300px, 700px" src="https://picsum.photos/200/300.webp" srcset="https://picsum.photos/200/300.webp 200w, https://picsum.photos/400/600.webp 400w, https://picsum.photos/600/900.webp 600w" width="200">'
