context:
  value:
    title: We are 100% employee owned
    intro: Our team's passion and expertise converge to deliver innovative solutions that empower your digital journey.
    button_text: About us
    url: '#'
    images:
      -
      -
      -
      -
      -
      -

tags:
  srcset_image:
    'image format-webp loading="lazy" fill-{408x405,816x810} sizes="(max-width: 598px) 816px, (min-width: 599px) 408px" class="photo-collage__image"':
      raw: |
        <img src="https://source.unsplash.com/408x405?people" class="photo-collage__image">
    'image format-webp loading="lazy" fill-{348x484,696x968} sizes="(max-width: 598px) 696px, (min-width: 599px) 348px" class="photo-collage__image"':
      raw: |
        <img src="https://source.unsplash.com/348x484?people" class="photo-collage__image">
    'image format-webp loading="lazy" fill-{288x288,576x576} sizes="(max-width: 598px) 576px, (min-width: 599px) 288px" class="photo-collage__image"':
      raw: |
        <img src="https://source.unsplash.com/288x288?people" class="photo-collage__image">
