context:
  value:
    quote: Torchbox's collaboration has been delightful, significantly elevating NHS.UK team's appreciation of SEO. They're diligent, eager, and proactive, consistently delivering optimal solutions for any challenge”
    attribution: Theo Smart
    role: Head of Digital, NHS UK
    logo: True
    call_to_action:
      0:
        value:
          url: '#'
          text: Book a free 1-hour call with Michael

tags:
  image:
    value.company_logo fill-110x70 format-webp class="pullquote__company-logo":
      raw: |
        <img src="https://source.unsplash.com/110x70?logo" width="110" height="70" alt="Some alt" class="pullquote__company-logo">
