context:
  value:
    title: Lighting little fires
    intro: 'Torchbox has been supporting charities since the start of the digital era. Some of the stats we&apos;re particularly proud of:'
    statistics:
      - headline_text: Reduction in accessibility issues
        further_details: '*There might be some sub text here that contextualises this result'
      - headline_text: General increase in return visitors
        further_details: '*There might be some sub text here that contextualises this result'
