context:
  value:
    featured_work_heading: Case studies
  work_pages:
    - title: Imagining and designing a future product for MQ in 5 days flat
      client: 'MQ: Transforming Mental Health'
      date: 26 Sep 2018
      read_time: '3'
      tags:
        - name: Digital products
          slug: digital-products
        - name: Wagtail
          slug: wagtail
    - title: Multi-awarding winning site for one of the world's leading universities
      client: University of Oxford
      date: 19 Feb 2016
      read_time: '4'
      tags:
        - name: Digital products
          slug: digital-products
    - title: A PWA in 4 weeks for Mozilla (oh yeah!)
      client: Mozilla
      date: 5 Dec 2018
      read_time: '4'
      tags:
        - name: Digital products
          slug: digital-products

tags:
  pageurl:
    work_page.work_index as work_index_url:
      raw: '/'
    work_page as work_page_url:
      raw: '../../../pages/work/work_page.html'
  image:
    listing_image fill-370x370 format-webp as listing_desktop_image:
      target_var: listing_desktop_image
      raw:
        alt: 'desktop image'
        url: 'https://picsum.photos/370/370.webp'
    listing_image fill-740x740 format-webp as listing_desktop_image_retina:
      target_var: listing_desktop_image_retina
      raw:
        alt: 'desktop image retina'
        url: 'https://picsum.photos/740/740.webp'
    listing_image fill-370x335 format-webp as listing_mobile_image:
      target_var: listing_mobile_image
      raw:
        alt: 'mobile image'
        url: 'https://picsum.photos/370/335.webp'
    listing_image fill-740x670 format-webp as listing_mobile_image_retina:
      target_var: listing_mobile_image_retina
      raw:
        alt: 'mobile image retina'
        url: 'https://picsum.photos/740/670.webp'
